
Microsoft Visual Studio Solution File, Format Version 12.00
# Visual Studio 15
VisualStudioVersion = 15.0.27004.2010
MinimumVisualStudioVersion = 10.0.40219.1
Project("{9A19103F-16F7-4668-BE54-9A1E7A4F7556}") = "LogoFX.Client.Testing.Infra", "LogoFX.Client.Testing.Infra\LogoFX.Client.Testing.Infra.csproj", "{3B9B641A-D62A-4C10-B91F-3057B734A083}"
EndProject
Project("{9A19103F-16F7-4668-BE54-9A1E7A4F7556}") = "LogoFX.Client.Testing.Shared", "LogoFX.Client.Testing.Shared\LogoFX.Client.Testing.Shared.csproj", "{4D16820F-A023-4C7C-8AAF-24942A0843FB}"
EndProject
Global
	GlobalSection(SolutionConfigurationPlatforms) = preSolution
		Debug|Any CPU = Debug|Any CPU
		Release|Any CPU = Release|Any CPU
	EndGlobalSection
	GlobalSection(ProjectConfigurationPlatforms) = postSolution
		{3B9B641A-D62A-4C10-B91F-3057B734A083}.Debug|Any CPU.ActiveCfg = Debug|Any CPU
		{3B9B641A-D62A-4C10-B91F-3057B734A083}.Debug|Any CPU.Build.0 = Debug|Any CPU
		{3B9B641A-D62A-4C10-B91F-3057B734A083}.Release|Any CPU.ActiveCfg = Release|Any CPU
		{3B9B641A-D62A-4C10-B91F-3057B734A083}.Release|Any CPU.Build.0 = Release|Any CPU
		{4D16820F-A023-4C7C-8AAF-24942A0843FB}.Debug|Any CPU.ActiveCfg = Debug|Any CPU
		{4D16820F-A023-4C7C-8AAF-24942A0843FB}.Debug|Any CPU.Build.0 = Debug|Any CPU
		{4D16820F-A023-4C7C-8AAF-24942A0843FB}.Release|Any CPU.ActiveCfg = Release|Any CPU
		{4D16820F-A023-4C7C-8AAF-24942A0843FB}.Release|Any CPU.Build.0 = Release|Any CPU
	EndGlobalSection
	GlobalSection(SolutionProperties) = preSolution
		HideSolutionNode = FALSE
	EndGlobalSection
	GlobalSection(ExtensibilityGlobals) = postSolution
		SolutionGuid = {54FD48D9-36B4-46E4-A0D6-03BFE3879F3D}
	EndGlobalSection
EndGlobal
