
Microsoft Visual Studio Solution File, Format Version 12.00
# Visual Studio 15
VisualStudioVersion = 15.0.27004.2010
MinimumVisualStudioVersion = 10.0.40219.1
Project("{FAE04EC0-301F-11D3-BF4B-00C04F79EFBC}") = "LogoFX.Client.Testing.Infra.NET45", "LogoFX.Client.Testing.Infra\net45\LogoFX.Client.Testing.Infra.NET45.csproj", "{DAEE1728-9A0C-4254-B251-4C4A84C55195}"
EndProject
Project("{9A19103F-16F7-4668-BE54-9A1E7A4F7556}") = "LogoFX.Client.Testing.Infra.NETStandard13", "LogoFX.Client.Testing.Infra\netstandard1.3\LogoFX.Client.Testing.Infra.NETStandard13.csproj", "{75F0EEE1-AC50-4D31-9B2C-D2A2D53CB276}"
EndProject
Project("{FAE04EC0-301F-11D3-BF4B-00C04F79EFBC}") = "LogoFX.Client.Testing.Shared.NET45", "LogoFX.Client.Testing.Shared\net45\LogoFX.Client.Testing.Shared.NET45.csproj", "{00E42D72-8833-4FDF-9C27-FBD06B8E8047}"
EndProject
Project("{9A19103F-16F7-4668-BE54-9A1E7A4F7556}") = "LogoFX.Client.Testing.Shared.NETStandard13", "LogoFX.Client.Testing.Shared\netstandard1.3\LogoFX.Client.Testing.Shared.NETStandard13.csproj", "{D28FF5CA-D526-41D3-B9D8-BCCE9D528D7C}"
EndProject
Project("{9A19103F-16F7-4668-BE54-9A1E7A4F7556}") = "LogoFX.Client.Testing.Infra.NETStandard20", "LogoFX.Client.Testing.Infra\netstandard2.0\LogoFX.Client.Testing.Infra.NETStandard20.csproj", "{0C48D89A-D1CC-40A5-A363-E81776B3021D}"
EndProject
Project("{9A19103F-16F7-4668-BE54-9A1E7A4F7556}") = "LogoFX.Client.Testing.Shared.NETStandard20", "LogoFX.Client.Testing.Shared\netstandard2.0\LogoFX.Client.Testing.Shared.NETStandard20.csproj", "{D83F5054-3D72-4927-8B3D-7A0481B587D4}"
EndProject
Global
	GlobalSection(SolutionConfigurationPlatforms) = preSolution
		Debug|Any CPU = Debug|Any CPU
		Release|Any CPU = Release|Any CPU
	EndGlobalSection
	GlobalSection(ProjectConfigurationPlatforms) = postSolution
		{DAEE1728-9A0C-4254-B251-4C4A84C55195}.Debug|Any CPU.ActiveCfg = Debug|Any CPU
		{DAEE1728-9A0C-4254-B251-4C4A84C55195}.Debug|Any CPU.Build.0 = Debug|Any CPU
		{DAEE1728-9A0C-4254-B251-4C4A84C55195}.Release|Any CPU.ActiveCfg = Release|Any CPU
		{DAEE1728-9A0C-4254-B251-4C4A84C55195}.Release|Any CPU.Build.0 = Release|Any CPU
		{75F0EEE1-AC50-4D31-9B2C-D2A2D53CB276}.Debug|Any CPU.ActiveCfg = Debug|Any CPU
		{75F0EEE1-AC50-4D31-9B2C-D2A2D53CB276}.Debug|Any CPU.Build.0 = Debug|Any CPU
		{75F0EEE1-AC50-4D31-9B2C-D2A2D53CB276}.Release|Any CPU.ActiveCfg = Release|Any CPU
		{75F0EEE1-AC50-4D31-9B2C-D2A2D53CB276}.Release|Any CPU.Build.0 = Release|Any CPU
		{00E42D72-8833-4FDF-9C27-FBD06B8E8047}.Debug|Any CPU.ActiveCfg = Debug|Any CPU
		{00E42D72-8833-4FDF-9C27-FBD06B8E8047}.Debug|Any CPU.Build.0 = Debug|Any CPU
		{00E42D72-8833-4FDF-9C27-FBD06B8E8047}.Release|Any CPU.ActiveCfg = Release|Any CPU
		{00E42D72-8833-4FDF-9C27-FBD06B8E8047}.Release|Any CPU.Build.0 = Release|Any CPU
		{D28FF5CA-D526-41D3-B9D8-BCCE9D528D7C}.Debug|Any CPU.ActiveCfg = Debug|Any CPU
		{D28FF5CA-D526-41D3-B9D8-BCCE9D528D7C}.Debug|Any CPU.Build.0 = Debug|Any CPU
		{D28FF5CA-D526-41D3-B9D8-BCCE9D528D7C}.Release|Any CPU.ActiveCfg = Release|Any CPU
		{D28FF5CA-D526-41D3-B9D8-BCCE9D528D7C}.Release|Any CPU.Build.0 = Release|Any CPU
		{0C48D89A-D1CC-40A5-A363-E81776B3021D}.Debug|Any CPU.ActiveCfg = Debug|Any CPU
		{0C48D89A-D1CC-40A5-A363-E81776B3021D}.Debug|Any CPU.Build.0 = Debug|Any CPU
		{0C48D89A-D1CC-40A5-A363-E81776B3021D}.Release|Any CPU.ActiveCfg = Release|Any CPU
		{0C48D89A-D1CC-40A5-A363-E81776B3021D}.Release|Any CPU.Build.0 = Release|Any CPU
		{D83F5054-3D72-4927-8B3D-7A0481B587D4}.Debug|Any CPU.ActiveCfg = Debug|Any CPU
		{D83F5054-3D72-4927-8B3D-7A0481B587D4}.Debug|Any CPU.Build.0 = Debug|Any CPU
		{D83F5054-3D72-4927-8B3D-7A0481B587D4}.Release|Any CPU.ActiveCfg = Release|Any CPU
		{D83F5054-3D72-4927-8B3D-7A0481B587D4}.Release|Any CPU.Build.0 = Release|Any CPU
	EndGlobalSection
	GlobalSection(SolutionProperties) = preSolution
		HideSolutionNode = FALSE
	EndGlobalSection
	GlobalSection(ExtensibilityGlobals) = postSolution
		SolutionGuid = {54FD48D9-36B4-46E4-A0D6-03BFE3879F3D}
	EndGlobalSection
EndGlobal
